
Microsoft Visual Studio Solution File, Format Version 12.00
# Visual Studio Version 17
VisualStudioVersion = 17.4.33205.214
MinimumVisualStudioVersion = 10.0.40219.1
Project("{FAE04EC0-301F-11D3-BF4B-00C04F79EFBC}") = "prodktr.AuthApi", "prodktr.AuthApi\prodktr.AuthApi.csproj", "{5D22110D-8130-46D4-9183-AA3075DD5631}"
EndProject
Global
	GlobalSection(SolutionConfigurationPlatforms) = preSolution
		Debug|Any CPU = Debug|Any CPU
		Release|Any CPU = Release|Any CPU
	EndGlobalSection
	GlobalSection(ProjectConfigurationPlatforms) = postSolution
		{5D22110D-8130-46D4-9183-AA3075DD5631}.Debug|Any CPU.ActiveCfg = Debug|Any CPU
		{5D22110D-8130-46D4-9183-AA3075DD5631}.Debug|Any CPU.Build.0 = Debug|Any CPU
		{5D22110D-8130-46D4-9183-AA3075DD5631}.Release|Any CPU.ActiveCfg = Release|Any CPU
		{5D22110D-8130-46D4-9183-AA3075DD5631}.Release|Any CPU.Build.0 = Release|Any CPU
	EndGlobalSection
	GlobalSection(SolutionProperties) = preSolution
		HideSolutionNode = FALSE
	EndGlobalSection
	GlobalSection(ExtensibilityGlobals) = postSolution
		SolutionGuid = {0DB2ED85-3201-4A09-B3F5-128701E158E9}
	EndGlobalSection
EndGlobal
